// !$*UTF8*$!
{
	archiveVersion = 1;
	classes = {
	};
	objectVersion = 46;
	objects = {

/* Begin PBXBuildFile section */
		6886A3751C355EB800A0364B /* main.m in Sources */ = {isa = PBXBuildFile; fileRef = 6886A3741C355EB800A0364B /* main.m */; };
		6886A3781C355EB800A0364B /* AppDelegate.m in Sources */ = {isa = PBXBuildFile; fileRef = 6886A3771C355EB800A0364B /* AppDelegate.m */; };
		6886A37B1C355EB800A0364B /* ViewController.m in Sources */ = {isa = PBXBuildFile; fileRef = 6886A37A1C355EB800A0364B /* ViewController.m */; };
		6886A37E1C355EB800A0364B /* Main.storyboard in Resources */ = {isa = PBXBuildFile; fileRef = 6886A37C1C355EB800A0364B /* Main.storyboard */; };
		6886A3801C355EB800A0364B /* Assets.xcassets in Resources */ = {isa = PBXBuildFile; fileRef = 6886A37F1C355EB800A0364B /* Assets.xcassets */; };
		6886A3831C355EB800A0364B /* LaunchScreen.storyboard in Resources */ = {isa = PBXBuildFile; fileRef = 6886A3811C355EB800A0364B /* LaunchScreen.storyboard */; };
		6886A38E1C355EB800A0364B /* AXAutoBuildIncrementTests.m in Sources */ = {isa = PBXBuildFile; fileRef = 6886A38D1C355EB800A0364B /* AXAutoBuildIncrementTests.m */; };
		6886A3AF1C36D05300A0364B /* Localizable.strings in Resources */ = {isa = PBXBuildFile; fileRef = 6886A3AE1C36D05300A0364B /* Localizable.strings */; };
/* End PBXBuildFile section */

/* Begin PBXContainerItemProxy section */
		6886A38A1C355EB800A0364B /* PBXContainerItemProxy */ = {
			isa = PBXContainerItemProxy;
			containerPortal = 6886A3681C355EB800A0364B /* Project object */;
			proxyType = 1;
			remoteGlobalIDString = 6886A36F1C355EB800A0364B;
			remoteInfo = AXAutoBuildIncrement;
		};
/* End PBXContainerItemProxy section */

/* Begin PBXFileReference section */
		6886A3701C355EB800A0364B /* AXAutoBuildIncrement.app */ = {isa = PBXFileReference; explicitFileType = wrapper.application; includeInIndex = 0; path = AXAutoBuildIncrement.app; sourceTree = BUILT_PRODUCTS_DIR; };
		6886A3741C355EB800A0364B /* main.m */ = {isa = PBXFileReference; lastKnownFileType = sourcecode.c.objc; path = main.m; sourceTree = "<group>"; };
		6886A3761C355EB800A0364B /* AppDelegate.h */ = {isa = PBXFileReference; lastKnownFileType = sourcecode.c.h; path = AppDelegate.h; sourceTree = "<group>"; };
		6886A3771C355EB800A0364B /* AppDelegate.m */ = {isa = PBXFileReference; lastKnownFileType = sourcecode.c.objc; path = AppDelegate.m; sourceTree = "<group>"; };
		6886A3791C355EB800A0364B /* ViewController.h */ = {isa = PBXFileReference; lastKnownFileType = sourcecode.c.h; path = ViewController.h; sourceTree = "<group>"; };
		6886A37A1C355EB800A0364B /* ViewController.m */ = {isa = PBXFileReference; lastKnownFileType = sourcecode.c.objc; path = ViewController.m; sourceTree = "<group>"; };
		6886A37D1C355EB800A0364B /* Base */ = {isa = PBXFileReference; lastKnownFileType = file.storyboard; name = Base; path = Base.lproj/Main.storyboard; sourceTree = "<group>"; };
		6886A37F1C355EB800A0364B /* Assets.xcassets */ = {isa = PBXFileReference; lastKnownFileType = folder.assetcatalog; path = Assets.xcassets; sourceTree = "<group>"; };
		6886A3821C355EB800A0364B /* Base */ = {isa = PBXFileReference; lastKnownFileType = file.storyboard; name = Base; path = Base.lproj/LaunchScreen.storyboard; sourceTree = "<group>"; };
		6886A3841C355EB800A0364B /* Info.plist */ = {isa = PBXFileReference; lastKnownFileType = text.plist.xml; path = Info.plist; sourceTree = "<group>"; };
		6886A3891C355EB800A0364B /* AXAutoBuildIncrementTests.xctest */ = {isa = PBXFileReference; explicitFileType = wrapper.cfbundle; includeInIndex = 0; path = AXAutoBuildIncrementTests.xctest; sourceTree = BUILT_PRODUCTS_DIR; };
		6886A38D1C355EB800A0364B /* AXAutoBuildIncrementTests.m */ = {isa = PBXFileReference; lastKnownFileType = sourcecode.c.objc; path = AXAutoBuildIncrementTests.m; sourceTree = "<group>"; };
		6886A38F1C355EB800A0364B /* Info.plist */ = {isa = PBXFileReference; lastKnownFileType = text.plist.xml; path = Info.plist; sourceTree = "<group>"; };
		6886A3981C355FF000A0364B /* AXAutoBuildIncrement.sh */ = {isa = PBXFileReference; lastKnownFileType = text.script.sh; path = AXAutoBuildIncrement.sh; sourceTree = "<group>"; };
		6886A3A81C356B3100A0364B /* en */ = {isa = PBXFileReference; lastKnownFileType = text.plist.strings; name = en; path = en.lproj/LaunchScreen.strings; sourceTree = "<group>"; };
		6886A3AD1C369BC400A0364B /* AXAutoGitClean.sh */ = {isa = PBXFileReference; lastKnownFileType = text.script.sh; path = AXAutoGitClean.sh; sourceTree = "<group>"; };
		6886A3AE1C36D05300A0364B /* Localizable.strings */ = {isa = PBXFileReference; fileEncoding = 4; lastKnownFileType = text.plist.strings; path = Localizable.strings; sourceTree = "<group>"; };
/* End PBXFileReference section */

/* Begin PBXFrameworksBuildPhase section */
		6886A36D1C355EB800A0364B /* Frameworks */ = {
			isa = PBXFrameworksBuildPhase;
			buildActionMask = 2147483647;
			files = (
			);
			runOnlyForDeploymentPostprocessing = 0;
		};
		6886A3861C355EB800A0364B /* Frameworks */ = {
			isa = PBXFrameworksBuildPhase;
			buildActionMask = 2147483647;
			files = (
			);
			runOnlyForDeploymentPostprocessing = 0;
		};
/* End PBXFrameworksBuildPhase section */

/* Begin PBXGroup section */
		6886A3671C355EB800A0364B = {
			isa = PBXGroup;
			children = (
				6886A3721C355EB800A0364B /* AXAutoBuildIncrement */,
				6886A38C1C355EB800A0364B /* AXAutoBuildIncrementTests */,
				6886A3711C355EB800A0364B /* Products */,
			);
			sourceTree = "<group>";
		};
		6886A3711C355EB800A0364B /* Products */ = {
			isa = PBXGroup;
			children = (
				6886A3701C355EB800A0364B /* AXAutoBuildIncrement.app */,
				6886A3891C355EB800A0364B /* AXAutoBuildIncrementTests.xctest */,
			);
			name = Products;
			sourceTree = "<group>";
		};
		6886A3721C355EB800A0364B /* AXAutoBuildIncrement */ = {
			isa = PBXGroup;
			children = (
				6886A3761C355EB800A0364B /* AppDelegate.h */,
				6886A3771C355EB800A0364B /* AppDelegate.m */,
				6886A3791C355EB800A0364B /* ViewController.h */,
				6886A37A1C355EB800A0364B /* ViewController.m */,
				6886A3B01C36D06300A0364B /* Strings */,
				6886A3B11C36D06F00A0364B /* XIBs */,
				6886A3B21C36D08700A0364B /* Assets */,
				6886A3731C355EB800A0364B /* Supporting Files */,
			);
			path = AXAutoBuildIncrement;
			sourceTree = "<group>";
		};
		6886A3731C355EB800A0364B /* Supporting Files */ = {
			isa = PBXGroup;
			children = (
				6886A3841C355EB800A0364B /* Info.plist */,
				6886A3981C355FF000A0364B /* AXAutoBuildIncrement.sh */,
				6886A3AD1C369BC400A0364B /* AXAutoGitClean.sh */,
				6886A3741C355EB800A0364B /* main.m */,
			);
			name = "Supporting Files";
			sourceTree = "<group>";
		};
		6886A38C1C355EB800A0364B /* AXAutoBuildIncrementTests */ = {
			isa = PBXGroup;
			children = (
				6886A38D1C355EB800A0364B /* AXAutoBuildIncrementTests.m */,
				6886A38F1C355EB800A0364B /* Info.plist */,
			);
			path = AXAutoBuildIncrementTests;
			sourceTree = "<group>";
		};
		6886A3B01C36D06300A0364B /* Strings */ = {
			isa = PBXGroup;
			children = (
				6886A3AE1C36D05300A0364B /* Localizable.strings */,
			);
			name = Strings;
			sourceTree = "<group>";
		};
		6886A3B11C36D06F00A0364B /* XIBs */ = {
			isa = PBXGroup;
			children = (
				6886A37C1C355EB800A0364B /* Main.storyboard */,
				6886A3811C355EB800A0364B /* LaunchScreen.storyboard */,
			);
			name = XIBs;
			sourceTree = "<group>";
		};
		6886A3B21C36D08700A0364B /* Assets */ = {
			isa = PBXGroup;
			children = (
				6886A37F1C355EB800A0364B /* Assets.xcassets */,
			);
			name = Assets;
			sourceTree = "<group>";
		};
/* End PBXGroup section */

/* Begin PBXNativeTarget section */
		6886A36F1C355EB800A0364B /* AXAutoBuildIncrement */ = {
			isa = PBXNativeTarget;
			buildConfigurationList = 6886A3921C355EB800A0364B /* Build configuration list for PBXNativeTarget "AXAutoBuildIncrement" */;
			buildPhases = (
				6886A39A1C35604800A0364B /* ShellScript */,
				6886A36C1C355EB800A0364B /* Sources */,
				6886A36D1C355EB800A0364B /* Frameworks */,
				6886A36E1C355EB800A0364B /* Resources */,
				6886A3A91C356D6500A0364B /* ShellScript */,
				6886A3AC1C368F0E00A0364B /* ShellScript */,
			);
			buildRules = (
			);
			dependencies = (
			);
			name = AXAutoBuildIncrement;
			productName = AXAutoBuildIncrement;
			productReference = 6886A3701C355EB800A0364B /* AXAutoBuildIncrement.app */;
			productType = "com.apple.product-type.application";
		};
		6886A3881C355EB800A0364B /* AXAutoBuildIncrementTests */ = {
			isa = PBXNativeTarget;
			buildConfigurationList = 6886A3951C355EB800A0364B /* Build configuration list for PBXNativeTarget "AXAutoBuildIncrementTests" */;
			buildPhases = (
				6886A3851C355EB800A0364B /* Sources */,
				6886A3861C355EB800A0364B /* Frameworks */,
				6886A3871C355EB800A0364B /* Resources */,
			);
			buildRules = (
			);
			dependencies = (
				6886A38B1C355EB800A0364B /* PBXTargetDependency */,
			);
			name = AXAutoBuildIncrementTests;
			productName = AXAutoBuildIncrementTests;
			productReference = 6886A3891C355EB800A0364B /* AXAutoBuildIncrementTests.xctest */;
			productType = "com.apple.product-type.bundle.unit-test";
		};
/* End PBXNativeTarget section */

/* Begin PBXProject section */
		6886A3681C355EB800A0364B /* Project object */ = {
			isa = PBXProject;
			attributes = {
				LastUpgradeCheck = 0720;
				ORGANIZATIONNAME = "idéMobi";
				TargetAttributes = {
					6886A36F1C355EB800A0364B = {
						CreatedOnToolsVersion = 7.2;
					};
					6886A3881C355EB800A0364B = {
						CreatedOnToolsVersion = 7.2;
						TestTargetID = 6886A36F1C355EB800A0364B;
					};
				};
			};
			buildConfigurationList = 6886A36B1C355EB800A0364B /* Build configuration list for PBXProject "AXAutoBuildIncrement" */;
			compatibilityVersion = "Xcode 3.2";
			developmentRegion = English;
			hasScannedForEncodings = 0;
			knownRegions = (
				en,
				Base,
			);
			mainGroup = 6886A3671C355EB800A0364B;
			productRefGroup = 6886A3711C355EB800A0364B /* Products */;
			projectDirPath = "";
			projectRoot = "";
			targets = (
				6886A36F1C355EB800A0364B /* AXAutoBuildIncrement */,
				6886A3881C355EB800A0364B /* AXAutoBuildIncrementTests */,
			);
		};
/* End PBXProject section */

/* Begin PBXResourcesBuildPhase section */
		6886A36E1C355EB800A0364B /* Resources */ = {
			isa = PBXResourcesBuildPhase;
			buildActionMask = 2147483647;
			files = (
				6886A3831C355EB800A0364B /* LaunchScreen.storyboard in Resources */,
				6886A3AF1C36D05300A0364B /* Localizable.strings in Resources */,
				6886A3801C355EB800A0364B /* Assets.xcassets in Resources */,
				6886A37E1C355EB800A0364B /* Main.storyboard in Resources */,
			);
			runOnlyForDeploymentPostprocessing = 0;
		};
		6886A3871C355EB800A0364B /* Resources */ = {
			isa = PBXResourcesBuildPhase;
			buildActionMask = 2147483647;
			files = (
			);
			runOnlyForDeploymentPostprocessing = 0;
		};
/* End PBXResourcesBuildPhase section */

/* Begin PBXShellScriptBuildPhase section */
		6886A39A1C35604800A0364B /* ShellScript */ = {
			isa = PBXShellScriptBuildPhase;
			buildActionMask = 2147483647;
			files = (
			);
			inputPaths = (
			);
			outputPaths = (
			);
			runOnlyForDeploymentPostprocessing = 0;
			shellPath = /bin/sh;
			shellScript = "\n#------------------------------\n# idéMobi 2015©\n#------------------------------\n\n#------------------------------\n# Version and build management part one\n#------------------------------\n\n# get shell source\nsource \"${PROJECT_DIR}/${TARGET_NAME}/AXAutoBuildIncrement.sh\"\n\n# use the first function\nAXPlistPutBuildInformation \"${PROJECT_DIR}\" \"${INFOPLIST_FILE}\"\n\n#------------------------------\n# end\n#------------------------------\n";
		};
		6886A3A91C356D6500A0364B /* ShellScript */ = {
			isa = PBXShellScriptBuildPhase;
			buildActionMask = 2147483647;
			files = (
			);
			inputPaths = (
			);
			outputPaths = (
			);
			runOnlyForDeploymentPostprocessing = 0;
			shellPath = /bin/sh;
			shellScript = "\n#------------------------------\n# idéMobi 2015©\n#------------------------------\n\n#------------------------------\n# Version and build management part two \n#------------------------------\n\n#get shell source\nsource \"${PROJECT_DIR}/${TARGET_NAME}/AXAutoBuildIncrement.sh\"\n#use the second function\nAXLaunchScreenBuildInformation \"${TARGET_BUILD_DIR}\" \"${INFOPLIST_PATH}\" \"${TARGET_NAME}\"\n\n#------------------------------\n# end\n#------------------------------";
		};
		6886A3AC1C368F0E00A0364B /* ShellScript */ = {
			isa = PBXShellScriptBuildPhase;
			buildActionMask = 2147483647;
			files = (
			);
			inputPaths = (
			);
			outputPaths = (
			);
			runOnlyForDeploymentPostprocessing = 0;
			shellPath = /bin/sh;
			shellScript = "#------------------------------\n# idéMobi 2015©\n#------------------------------\n\n#------------------------------\n# Version and build management part one\n#------------------------------\n\n# get shell source\nsource \"${PROJECT_DIR}/${TARGET_NAME}/AXAutoGitClean.sh\"\n\n# use the first fonction\nAXAutoGitClean \"${PROJECT_DIR}\"\n\n#------------------------------\n# end\n#------------------------------\n";
		};
/* End PBXShellScriptBuildPhase section */

/* Begin PBXSourcesBuildPhase section */
		6886A36C1C355EB800A0364B /* Sources */ = {
			isa = PBXSourcesBuildPhase;
			buildActionMask = 2147483647;
			files = (
				6886A37B1C355EB800A0364B /* ViewController.m in Sources */,
				6886A3781C355EB800A0364B /* AppDelegate.m in Sources */,
				6886A3751C355EB800A0364B /* main.m in Sources */,
			);
			runOnlyForDeploymentPostprocessing = 0;
		};
		6886A3851C355EB800A0364B /* Sources */ = {
			isa = PBXSourcesBuildPhase;
			buildActionMask = 2147483647;
			files = (
				6886A38E1C355EB800A0364B /* AXAutoBuildIncrementTests.m in Sources */,
			);
			runOnlyForDeploymentPostprocessing = 0;
		};
/* End PBXSourcesBuildPhase section */

/* Begin PBXTargetDependency section */
		6886A38B1C355EB800A0364B /* PBXTargetDependency */ = {
			isa = PBXTargetDependency;
			target = 6886A36F1C355EB800A0364B /* AXAutoBuildIncrement */;
			targetProxy = 6886A38A1C355EB800A0364B /* PBXContainerItemProxy */;
		};
/* End PBXTargetDependency section */

/* Begin PBXVariantGroup section */
		6886A37C1C355EB800A0364B /* Main.storyboard */ = {
			isa = PBXVariantGroup;
			children = (
				6886A37D1C355EB800A0364B /* Base */,
			);
			name = Main.storyboard;
			sourceTree = "<group>";
		};
		6886A3811C355EB800A0364B /* LaunchScreen.storyboard */ = {
			isa = PBXVariantGroup;
			children = (
				6886A3821C355EB800A0364B /* Base */,
				6886A3A81C356B3100A0364B /* en */,
			);
			name = LaunchScreen.storyboard;
			sourceTree = "<group>";
		};
/* End PBXVariantGroup section */

/* Begin XCBuildConfiguration section */
		6886A3901C355EB800A0364B /* Debug */ = {
			isa = XCBuildConfiguration;
			buildSettings = {
				ALWAYS_SEARCH_USER_PATHS = NO;
				CLANG_CXX_LANGUAGE_STANDARD = "gnu++0x";
				CLANG_CXX_LIBRARY = "libc++";
				CLANG_ENABLE_MODULES = YES;
				CLANG_ENABLE_OBJC_ARC = YES;
				CLANG_WARN_BOOL_CONVERSION = YES;
				CLANG_WARN_CONSTANT_CONVERSION = YES;
				CLANG_WARN_DIRECT_OBJC_ISA_USAGE = YES_ERROR;
				CLANG_WARN_EMPTY_BODY = YES;
				CLANG_WARN_ENUM_CONVERSION = YES;
				CLANG_WARN_INT_CONVERSION = YES;
				CLANG_WARN_OBJC_ROOT_CLASS = YES_ERROR;
				CLANG_WARN_UNREACHABLE_CODE = YES;
				CLANG_WARN__DUPLICATE_METHOD_MATCH = YES;
				"CODE_SIGN_IDENTITY[sdk=iphoneos*]" = "iPhone Developer";
				COPY_PHASE_STRIP = NO;
				DEBUG_INFORMATION_FORMAT = dwarf;
				ENABLE_STRICT_OBJC_MSGSEND = YES;
				ENABLE_TESTABILITY = YES;
				GCC_C_LANGUAGE_STANDARD = gnu99;
				GCC_DYNAMIC_NO_PIC = NO;
				GCC_NO_COMMON_BLOCKS = YES;
				GCC_OPTIMIZATION_LEVEL = 0;
				GCC_PREPROCESSOR_DEFINITIONS = (
					"DEBUG=1",
					"$(inherited)",
				);
				GCC_WARN_64_TO_32_BIT_CONVERSION = YES;
				GCC_WARN_ABOUT_RETURN_TYPE = YES_ERROR;
				GCC_WARN_UNDECLARED_SELECTOR = YES;
				GCC_WARN_UNINITIALIZED_AUTOS = YES_AGGRESSIVE;
				GCC_WARN_UNUSED_FUNCTION = YES;
				GCC_WARN_UNUSED_VARIABLE = YES;
				IPHONEOS_DEPLOYMENT_TARGET = 9.2;
				MTL_ENABLE_DEBUG_INFO = YES;
				ONLY_ACTIVE_ARCH = YES;
				SDKROOT = iphoneos;
				TARGETED_DEVICE_FAMILY = "1,2";
			};
			name = Debug;
		};
		6886A3911C355EB800A0364B /* Release */ = {
			isa = XCBuildConfiguration;
			buildSettings = {
				ALWAYS_SEARCH_USER_PATHS = NO;
				CLANG_CXX_LANGUAGE_STANDARD = "gnu++0x";
				CLANG_CXX_LIBRARY = "libc++";
				CLANG_ENABLE_MODULES = YES;
				CLANG_ENABLE_OBJC_ARC = YES;
				CLANG_WARN_BOOL_CONVERSION = YES;
				CLANG_WARN_CONSTANT_CONVERSION = YES;
				CLANG_WARN_DIRECT_OBJC_ISA_USAGE = YES_ERROR;
				CLANG_WARN_EMPTY_BODY = YES;
				CLANG_WARN_ENUM_CONVERSION = YES;
				CLANG_WARN_INT_CONVERSION = YES;
				CLANG_WARN_OBJC_ROOT_CLASS = YES_ERROR;
				CLANG_WARN_UNREACHABLE_CODE = YES;
				CLANG_WARN__DUPLICATE_METHOD_MATCH = YES;
				"CODE_SIGN_IDENTITY[sdk=iphoneos*]" = "iPhone Developer";
				COPY_PHASE_STRIP = NO;
				DEBUG_INFORMATION_FORMAT = "dwarf-with-dsym";
				ENABLE_NS_ASSERTIONS = NO;
				ENABLE_STRICT_OBJC_MSGSEND = YES;
				GCC_C_LANGUAGE_STANDARD = gnu99;
				GCC_NO_COMMON_BLOCKS = YES;
				GCC_WARN_64_TO_32_BIT_CONVERSION = YES;
				GCC_WARN_ABOUT_RETURN_TYPE = YES_ERROR;
				GCC_WARN_UNDECLARED_SELECTOR = YES;
				GCC_WARN_UNINITIALIZED_AUTOS = YES_AGGRESSIVE;
				GCC_WARN_UNUSED_FUNCTION = YES;
				GCC_WARN_UNUSED_VARIABLE = YES;
				IPHONEOS_DEPLOYMENT_TARGET = 9.2;
				MTL_ENABLE_DEBUG_INFO = NO;
				SDKROOT = iphoneos;
				TARGETED_DEVICE_FAMILY = "1,2";
				VALIDATE_PRODUCT = YES;
			};
			name = Release;
		};
		6886A3931C355EB800A0364B /* Debug */ = {
			isa = XCBuildConfiguration;
			buildSettings = {
				ASSETCATALOG_COMPILER_APPICON_NAME = AppIcon;
				INFOPLIST_FILE = AXAutoBuildIncrement/Info.plist;
				LD_RUNPATH_SEARCH_PATHS = "$(inherited) @executable_path/Frameworks";
				PRODUCT_BUNDLE_IDENTIFIER = com.idemobi.AXAutoBuildIncrement;
				PRODUCT_NAME = "$(TARGET_NAME)";
			};
			name = Debug;
		};
		6886A3941C355EB800A0364B /* Release */ = {
			isa = XCBuildConfiguration;
			buildSettings = {
				ASSETCATALOG_COMPILER_APPICON_NAME = AppIcon;
				INFOPLIST_FILE = AXAutoBuildIncrement/Info.plist;
				LD_RUNPATH_SEARCH_PATHS = "$(inherited) @executable_path/Frameworks";
				PRODUCT_BUNDLE_IDENTIFIER = com.idemobi.AXAutoBuildIncrement;
				PRODUCT_NAME = "$(TARGET_NAME)";
			};
			name = Release;
		};
		6886A3961C355EB800A0364B /* Debug */ = {
			isa = XCBuildConfiguration;
			buildSettings = {
				BUNDLE_LOADER = "$(TEST_HOST)";
				INFOPLIST_FILE = AXAutoBuildIncrementTests/Info.plist;
				LD_RUNPATH_SEARCH_PATHS = "$(inherited) @executable_path/Frameworks @loader_path/Frameworks";
				PRODUCT_BUNDLE_IDENTIFIER = com.idemobi.AXAutoBuildIncrementTests;
				PRODUCT_NAME = "$(TARGET_NAME)";
				TEST_HOST = "$(BUILT_PRODUCTS_DIR)/AXAutoBuildIncrement.app/AXAutoBuildIncrement";
			};
			name = Debug;
		};
		6886A3971C355EB800A0364B /* Release */ = {
			isa = XCBuildConfiguration;
			buildSettings = {
				BUNDLE_LOADER = "$(TEST_HOST)";
				INFOPLIST_FILE = AXAutoBuildIncrementTests/Info.plist;
				LD_RUNPATH_SEARCH_PATHS = "$(inherited) @executable_path/Frameworks @loader_path/Frameworks";
				PRODUCT_BUNDLE_IDENTIFIER = com.idemobi.AXAutoBuildIncrementTests;
				PRODUCT_NAME = "$(TARGET_NAME)";
				TEST_HOST = "$(BUILT_PRODUCTS_DIR)/AXAutoBuildIncrement.app/AXAutoBuildIncrement";
			};
			name = Release;
		};
/* End XCBuildConfiguration section */

/* Begin XCConfigurationList section */
		6886A36B1C355EB800A0364B /* Build configuration list for PBXProject "AXAutoBuildIncrement" */ = {
			isa = XCConfigurationList;
			buildConfigurations = (
				6886A3901C355EB800A0364B /* Debug */,
				6886A3911C355EB800A0364B /* Release */,
			);
			defaultConfigurationIsVisible = 0;
			defaultConfigurationName = Release;
		};
		6886A3921C355EB800A0364B /* Build configuration list for PBXNativeTarget "AXAutoBuildIncrement" */ = {
			isa = XCConfigurationList;
			buildConfigurations = (
				6886A3931C355EB800A0364B /* Debug */,
				6886A3941C355EB800A0364B /* Release */,
			);
			defaultConfigurationIsVisible = 0;
			defaultConfigurationName = Release;
		};
		6886A3951C355EB800A0364B /* Build configuration list for PBXNativeTarget "AXAutoBuildIncrementTests" */ = {
			isa = XCConfigurationList;
			buildConfigurations = (
				6886A3961C355EB800A0364B /* Debug */,
				6886A3971C355EB800A0364B /* Release */,
			);
			defaultConfigurationIsVisible = 0;
			defaultConfigurationName = Release;
		};
/* End XCConfigurationList section */
	};
	rootObject = 6886A3681C355EB800A0364B /* Project object */;
}
